
Microsoft Visual Studio Solution File, Format Version 12.00
# Visual Studio Version 17
VisualStudioVersion = 17.1.32228.430
MinimumVisualStudioVersion = 10.0.40219.1
Project("{FAE04EC0-301F-11D3-BF4B-00C04F79EFBC}") = "SchedulingReminders", "SchedulingReminders.csproj", "{D895E26C-52B5-4D12-A1A7-2B6CF7AE97C7}"
EndProject
Global
	GlobalSection(SolutionConfigurationPlatforms) = preSolution
		Debug|Any CPU = Debug|Any CPU
		Release|Any CPU = Release|Any CPU
	EndGlobalSection
	GlobalSection(ProjectConfigurationPlatforms) = postSolution
		{D895E26C-52B5-4D12-A1A7-2B6CF7AE97C7}.Debug|Any CPU.ActiveCfg = Debug|Any CPU
		{D895E26C-52B5-4D12-A1A7-2B6CF7AE97C7}.Debug|Any CPU.Build.0 = Debug|Any CPU
		{D895E26C-52B5-4D12-A1A7-2B6CF7AE97C7}.Release|Any CPU.ActiveCfg = Release|Any CPU
		{D895E26C-52B5-4D12-A1A7-2B6CF7AE97C7}.Release|Any CPU.Build.0 = Release|Any CPU
	EndGlobalSection
	GlobalSection(SolutionProperties) = preSolution
		HideSolutionNode = FALSE
	EndGlobalSection
	GlobalSection(ExtensibilityGlobals) = postSolution
		SolutionGuid = {70DF6CA4-3C2B-49C4-85ED-B578321198F0}
	EndGlobalSection
EndGlobal
